
Microsoft Visual Studio Solution File, Format Version 12.00
# Visual Studio 2013
VisualStudioVersion = 12.0.21005.1
MinimumVisualStudioVersion = 10.0.40219.1
Project("{FAE04EC0-301F-11D3-BF4B-00C04F79EFBC}") = "MFTD", "MFTD.csproj", "{AEA3C9C0-8F45-44EC-9AB3-D509AD5A114E}"
EndProject
Global
	GlobalSection(SolutionConfigurationPlatforms) = preSolution
		Debug|Any CPU = Debug|Any CPU
		Release|Any CPU = Release|Any CPU
	EndGlobalSection
	GlobalSection(ProjectConfigurationPlatforms) = postSolution
		{AEA3C9C0-8F45-44EC-9AB3-D509AD5A114E}.Debug|Any CPU.ActiveCfg = Debug|Any CPU
		{AEA3C9C0-8F45-44EC-9AB3-D509AD5A114E}.Debug|Any CPU.Build.0 = Debug|Any CPU
		{AEA3C9C0-8F45-44EC-9AB3-D509AD5A114E}.Release|Any CPU.ActiveCfg = Release|Any CPU
		{AEA3C9C0-8F45-44EC-9AB3-D509AD5A114E}.Release|Any CPU.Build.0 = Release|Any CPU
	EndGlobalSection
	GlobalSection(SolutionProperties) = preSolution
		HideSolutionNode = FALSE
	EndGlobalSection
EndGlobal
